
Microsoft Visual Studio Solution File, Format Version 12.00
# Visual Studio Version 17
VisualStudioVersion = 17.11.35222.181
MinimumVisualStudioVersion = 10.0.40219.1
Project("{2150E333-8FDC-42A3-9474-1A3956D46DE8}") = "Microservices", "Microservices", "{02EA681E-C7D8-13C7-8484-4AC65E1B71E8}"
EndProject
Project("{FAE04EC0-301F-11D3-BF4B-00C04F79EFBC}") = "PatientService", "PatientService\PatientService.csproj", "{66E40D79-72A0-46D7-9750-D20A0658B7E0}"
EndProject
Project("{FAE04EC0-301F-11D3-BF4B-00C04F79EFBC}") = "Shared", "Shared\Shared.csproj", "{943638A8-B249-48BD-83C2-740082458D9B}"
EndProject
Project("{FAE04EC0-301F-11D3-BF4B-00C04F79EFBC}") = "DentistService", "DentistService\DentistService.csproj", "{2BA8E981-8620-47C6-AA2F-07585C6387BD}"
EndProject
Project("{FAE04EC0-301F-11D3-BF4B-00C04F79EFBC}") = "ConsultationService", "ConsultationService\ConsultationService.csproj", "{D8DE2073-0DD8-40B0-8903-D6F8731BD929}"
EndProject
Project("{FAE04EC0-301F-11D3-BF4B-00C04F79EFBC}") = "ClaimService", "ClaimService\ClaimService.csproj", "{BB6787A0-57DB-4BEC-8FD2-9E3B0D59B6A2}"
EndProject
Project("{2150E333-8FDC-42A3-9474-1A3956D46DE8}") = "Itens de Solução", "Itens de Solução", "{380A7511-A354-6D7A-0CC0-8FA1F1BA7B6C}"
	ProjectSection(SolutionItems) = preProject
		.editorconfig = .editorconfig
		docker-compose.yml = docker-compose.yml
	EndProjectSection
EndProject
Project("{FAE04EC0-301F-11D3-BF4B-00C04F79EFBC}") = "OcelotApiGateway", "OcelotApiGateway\OcelotApiGateway.csproj", "{93F191A2-7137-49BE-9D58-C2CEA0C214A1}"
EndProject
Project("{FAE04EC0-301F-11D3-BF4B-00C04F79EFBC}") = "AuthService", "AuthService\AuthService.csproj", "{4E55FA2E-52B3-4F9C-90C1-43FB5F2AAD05}"
EndProject
Global
	GlobalSection(SolutionConfigurationPlatforms) = preSolution
		Debug|Any CPU = Debug|Any CPU
		Release|Any CPU = Release|Any CPU
	EndGlobalSection
	GlobalSection(ProjectConfigurationPlatforms) = postSolution
		{66E40D79-72A0-46D7-9750-D20A0658B7E0}.Debug|Any CPU.ActiveCfg = Debug|Any CPU
		{66E40D79-72A0-46D7-9750-D20A0658B7E0}.Debug|Any CPU.Build.0 = Debug|Any CPU
		{66E40D79-72A0-46D7-9750-D20A0658B7E0}.Release|Any CPU.ActiveCfg = Release|Any CPU
		{66E40D79-72A0-46D7-9750-D20A0658B7E0}.Release|Any CPU.Build.0 = Release|Any CPU
		{943638A8-B249-48BD-83C2-740082458D9B}.Debug|Any CPU.ActiveCfg = Debug|Any CPU
		{943638A8-B249-48BD-83C2-740082458D9B}.Debug|Any CPU.Build.0 = Debug|Any CPU
		{943638A8-B249-48BD-83C2-740082458D9B}.Release|Any CPU.ActiveCfg = Release|Any CPU
		{943638A8-B249-48BD-83C2-740082458D9B}.Release|Any CPU.Build.0 = Release|Any CPU
		{2BA8E981-8620-47C6-AA2F-07585C6387BD}.Debug|Any CPU.ActiveCfg = Debug|Any CPU
		{2BA8E981-8620-47C6-AA2F-07585C6387BD}.Debug|Any CPU.Build.0 = Debug|Any CPU
		{2BA8E981-8620-47C6-AA2F-07585C6387BD}.Release|Any CPU.ActiveCfg = Release|Any CPU
		{2BA8E981-8620-47C6-AA2F-07585C6387BD}.Release|Any CPU.Build.0 = Release|Any CPU
		{D8DE2073-0DD8-40B0-8903-D6F8731BD929}.Debug|Any CPU.ActiveCfg = Debug|Any CPU
		{D8DE2073-0DD8-40B0-8903-D6F8731BD929}.Debug|Any CPU.Build.0 = Debug|Any CPU
		{D8DE2073-0DD8-40B0-8903-D6F8731BD929}.Release|Any CPU.ActiveCfg = Release|Any CPU
		{D8DE2073-0DD8-40B0-8903-D6F8731BD929}.Release|Any CPU.Build.0 = Release|Any CPU
		{BB6787A0-57DB-4BEC-8FD2-9E3B0D59B6A2}.Debug|Any CPU.ActiveCfg = Debug|Any CPU
		{BB6787A0-57DB-4BEC-8FD2-9E3B0D59B6A2}.Debug|Any CPU.Build.0 = Debug|Any CPU
		{BB6787A0-57DB-4BEC-8FD2-9E3B0D59B6A2}.Release|Any CPU.ActiveCfg = Release|Any CPU
		{BB6787A0-57DB-4BEC-8FD2-9E3B0D59B6A2}.Release|Any CPU.Build.0 = Release|Any CPU
		{93F191A2-7137-49BE-9D58-C2CEA0C214A1}.Debug|Any CPU.ActiveCfg = Debug|Any CPU
		{93F191A2-7137-49BE-9D58-C2CEA0C214A1}.Debug|Any CPU.Build.0 = Debug|Any CPU
		{93F191A2-7137-49BE-9D58-C2CEA0C214A1}.Release|Any CPU.ActiveCfg = Release|Any CPU
		{93F191A2-7137-49BE-9D58-C2CEA0C214A1}.Release|Any CPU.Build.0 = Release|Any CPU
		{4E55FA2E-52B3-4F9C-90C1-43FB5F2AAD05}.Debug|Any CPU.ActiveCfg = Debug|Any CPU
		{4E55FA2E-52B3-4F9C-90C1-43FB5F2AAD05}.Debug|Any CPU.Build.0 = Debug|Any CPU
		{4E55FA2E-52B3-4F9C-90C1-43FB5F2AAD05}.Release|Any CPU.ActiveCfg = Release|Any CPU
		{4E55FA2E-52B3-4F9C-90C1-43FB5F2AAD05}.Release|Any CPU.Build.0 = Release|Any CPU
	EndGlobalSection
	GlobalSection(SolutionProperties) = preSolution
		HideSolutionNode = FALSE
	EndGlobalSection
	GlobalSection(NestedProjects) = preSolution
		{66E40D79-72A0-46D7-9750-D20A0658B7E0} = {02EA681E-C7D8-13C7-8484-4AC65E1B71E8}
		{943638A8-B249-48BD-83C2-740082458D9B} = {02EA681E-C7D8-13C7-8484-4AC65E1B71E8}
		{2BA8E981-8620-47C6-AA2F-07585C6387BD} = {02EA681E-C7D8-13C7-8484-4AC65E1B71E8}
		{D8DE2073-0DD8-40B0-8903-D6F8731BD929} = {02EA681E-C7D8-13C7-8484-4AC65E1B71E8}
		{BB6787A0-57DB-4BEC-8FD2-9E3B0D59B6A2} = {02EA681E-C7D8-13C7-8484-4AC65E1B71E8}
		{4E55FA2E-52B3-4F9C-90C1-43FB5F2AAD05} = {02EA681E-C7D8-13C7-8484-4AC65E1B71E8}
	EndGlobalSection
	GlobalSection(ExtensibilityGlobals) = postSolution
		SolutionGuid = {22A3042B-7A46-41FD-9D81-C6A120444D56}
	EndGlobalSection
EndGlobal
